// !$*UTF8*$!
{
	archiveVersion = 1;
	classes = {
	};
	objectVersion = 56;
	objects = {

/* Begin PBXBuildFile section */
		92032A7C2B213423008053C0 /* Fixtures.swift in Sources */ = {isa = PBXBuildFile; fileRef = 92032A7B2B213423008053C0 /* Fixtures.swift */; };
		922DF25C2C64D8D50038EEB7 /* GalleryStoreSpecs.swift in Sources */ = {isa = PBXBuildFile; fileRef = 922DF25B2C64D8D50038EEB7 /* GalleryStoreSpecs.swift */; };
		922F11FA2B17DC1F008B3FB8 /* RemoteGalleryLoader.swift in Sources */ = {isa = PBXBuildFile; fileRef = 922F11F92B17DC1F008B3FB8 /* RemoteGalleryLoader.swift */; };
		925029532CB54B00006113BC /* GalleryStore.xcdatamodeld in Sources */ = {isa = PBXBuildFile; fileRef = 925029512CB54B00006113BC /* GalleryStore.xcdatamodeld */; };
		925029552CB54FEC006113BC /* CoreDataGalleryStore.swift in Sources */ = {isa = PBXBuildFile; fileRef = 925029542CB54FEC006113BC /* CoreDataGalleryStore.swift */; };
		925D36022B08037000FE12DA /* NASAGallery.framework in Frameworks */ = {isa = PBXBuildFile; fileRef = 925D35F92B08037000FE12DA /* NASAGallery.framework */; };
		925D36122B08037A00FE12DA /* GalleryImage.swift in Sources */ = {isa = PBXBuildFile; fileRef = 925D36112B08037A00FE12DA /* GalleryImage.swift */; };
		925D36142B0804A900FE12DA /* GalleryLoader.swift in Sources */ = {isa = PBXBuildFile; fileRef = 925D36132B0804A900FE12DA /* GalleryLoader.swift */; };
		9269EEB82BAE6C1500F68429 /* ValidateGalleryFromCacheUseCaseTests.swift in Sources */ = {isa = PBXBuildFile; fileRef = 9269EEB72BAE6C1500F68429 /* ValidateGalleryFromCacheUseCaseTests.swift */; };
		927D81C62C9D8244005ED010 /* GalleryStoreSpecs+Helpers.swift in Sources */ = {isa = PBXBuildFile; fileRef = 927D81C52C9D8244005ED010 /* GalleryStoreSpecs+Helpers.swift */; };
		927D81C82C9D91A6005ED010 /* XCTestCase+Throws.swift in Sources */ = {isa = PBXBuildFile; fileRef = 927D81C72C9D91A6005ED010 /* XCTestCase+Throws.swift */; };
		9282C93A2B1A932900D564DE /* SharedTestHelpers.swift in Sources */ = {isa = PBXBuildFile; fileRef = 9282C9392B1A932900D564DE /* SharedTestHelpers.swift */; };
		9285CD582CA7668D0092B853 /* GalleryStoreSpecs+Assertions.swift in Sources */ = {isa = PBXBuildFile; fileRef = 9285CD572CA7668D0092B853 /* GalleryStoreSpecs+Assertions.swift */; };
		9289F58F2B9939B600FBB279 /* CacheGalleryUseCaseTests.swift in Sources */ = {isa = PBXBuildFile; fileRef = 9289F58E2B9939B600FBB279 /* CacheGalleryUseCaseTests.swift */; };
		929CFC6E2BB7007800A34D5D /* GalleryCachePolicy.swift in Sources */ = {isa = PBXBuildFile; fileRef = 929CFC6D2BB7007800A34D5D /* GalleryCachePolicy.swift */; };
		92A2737E2B2A141600C37E9E /* HTTPClient.swift in Sources */ = {isa = PBXBuildFile; fileRef = 92A2737D2B2A141600C37E9E /* HTTPClient.swift */; };
		92A273802B2A145A00C37E9E /* RemoteGalleryMapper.swift in Sources */ = {isa = PBXBuildFile; fileRef = 92A2737F2B2A145A00C37E9E /* RemoteGalleryMapper.swift */; };
		92A2A4C72B0C23AE003F7B74 /* LoadGalleryFromRemoteUseCaseTests.swift in Sources */ = {isa = PBXBuildFile; fileRef = 92A2A4C62B0C23AE003F7B74 /* LoadGalleryFromRemoteUseCaseTests.swift */; };
		92B6056B2B2E1C9C00514473 /* URLSessionHTTPClientTests.swift in Sources */ = {isa = PBXBuildFile; fileRef = 92B6056A2B2E1C9C00514473 /* URLSessionHTTPClientTests.swift */; };
		92CFC4212B372C8E00DEECF1 /* NASAGalleryAPIEndToEndTests.swift in Sources */ = {isa = PBXBuildFile; fileRef = 92CFC4202B372C8E00DEECF1 /* NASAGalleryAPIEndToEndTests.swift */; };
		92CFC4222B372C8E00DEECF1 /* NASAGallery.framework in Frameworks */ = {isa = PBXBuildFile; fileRef = 925D35F92B08037000FE12DA /* NASAGallery.framework */; };
		92D4825C2BA4C3570041BD25 /* XCTestCase+MemoryLeak.swift in Sources */ = {isa = PBXBuildFile; fileRef = 92DBF2732B2CF8E20037094F /* XCTestCase+MemoryLeak.swift */; };
		92D482602BA4CDD00041BD25 /* LocalCache.swift in Sources */ = {isa = PBXBuildFile; fileRef = 92D4825F2BA4CDD00041BD25 /* LocalCache.swift */; };
		92DABC022B34769A009B1763 /* URLSessionHTTPClient.swift in Sources */ = {isa = PBXBuildFile; fileRef = 92DABC012B34769A009B1763 /* URLSessionHTTPClient.swift */; };
		92DBF2742B2CF8E20037094F /* XCTestCase+MemoryLeak.swift in Sources */ = {isa = PBXBuildFile; fileRef = 92DBF2732B2CF8E20037094F /* XCTestCase+MemoryLeak.swift */; };
		92DC023D2BA4842B00515BF5 /* LoadGalleryFromCacheUseCaseTests.swift in Sources */ = {isa = PBXBuildFile; fileRef = 92DC023C2BA4842B00515BF5 /* LoadGalleryFromCacheUseCaseTests.swift */; };
		92E2F7CC2C2D7ED4002145F8 /* CodableGalleryStoreTests.swift in Sources */ = {isa = PBXBuildFile; fileRef = 92E2F7CA2C2D7EC7002145F8 /* CodableGalleryStoreTests.swift */; };
		92E9DE142BA25DF40073DEFE /* GalleryStore.swift in Sources */ = {isa = PBXBuildFile; fileRef = 92E9DE132BA25DF40073DEFE /* GalleryStore.swift */; };
		92E9DE162BA25E170073DEFE /* LocalGalleryLoader.swift in Sources */ = {isa = PBXBuildFile; fileRef = 92E9DE152BA25E170073DEFE /* LocalGalleryLoader.swift */; };
		92E9DE192BA264C10073DEFE /* RemoteAPODItem.swift in Sources */ = {isa = PBXBuildFile; fileRef = 92E9DE182BA264C10073DEFE /* RemoteAPODItem.swift */; };
		92E9DE1B2BA266860073DEFE /* LocalGalleryImage.swift in Sources */ = {isa = PBXBuildFile; fileRef = 92E9DE1A2BA266860073DEFE /* LocalGalleryImage.swift */; };
		92E9DE202BA26A6A0073DEFE /* API Diagram.png in Resources */ = {isa = PBXBuildFile; fileRef = 92E9DE1F2BA26A6A0073DEFE /* API Diagram.png */; };
		92EADC832CACB10200E9ACF1 /* CoreDataGalleryStoreTests.swift in Sources */ = {isa = PBXBuildFile; fileRef = 92EADC822CACB10200E9ACF1 /* CoreDataGalleryStoreTests.swift */; };
		92EF7CDD2BA4BD4300F19C34 /* GalleryStoreSpy.swift in Sources */ = {isa = PBXBuildFile; fileRef = 92EF7CDB2BA4BD2000F19C34 /* GalleryStoreSpy.swift */; };
		92EF7CDE2BA4BD4800F19C34 /* CacheHelpers.swift in Sources */ = {isa = PBXBuildFile; fileRef = 92EF7CD92BA4BD1500F19C34 /* CacheHelpers.swift */; };
		92F4B5DC2C381CE2003919E2 /* CodableGalleryStore.swift in Sources */ = {isa = PBXBuildFile; fileRef = 92F4B5DB2C381CE2003919E2 /* CodableGalleryStore.swift */; };
/* End PBXBuildFile section */

/* Begin PBXContainerItemProxy section */
		925D36032B08037000FE12DA /* PBXContainerItemProxy */ = {
			isa = PBXContainerItemProxy;
			containerPortal = 925D35F02B08037000FE12DA /* Project object */;
			proxyType = 1;
			remoteGlobalIDString = 925D35F82B08037000FE12DA;
			remoteInfo = NASAGallery;
		};
		92CFC4232B372C8E00DEECF1 /* PBXContainerItemProxy */ = {
			isa = PBXContainerItemProxy;
			containerPortal = 925D35F02B08037000FE12DA /* Project object */;
			proxyType = 1;
			remoteGlobalIDString = 925D35F82B08037000FE12DA;
			remoteInfo = NASAGallery;
		};
/* End PBXContainerItemProxy section */

/* Begin PBXFileReference section */
		92032A7B2B213423008053C0 /* Fixtures.swift */ = {isa = PBXFileReference; lastKnownFileType = sourcecode.swift; path = Fixtures.swift; sourceTree = "<group>"; };
		921D2A832B3768AE0047B4B7 /* NASAGalleryAPIEndToEndTests.xctestplan */ = {isa = PBXFileReference; lastKnownFileType = text; path = NASAGalleryAPIEndToEndTests.xctestplan; sourceTree = "<group>"; };
		921D2A842B3769C20047B4B7 /* NASAGallery.xctestplan */ = {isa = PBXFileReference; lastKnownFileType = text; path = NASAGallery.xctestplan; sourceTree = "<group>"; };
		921D2A862B376A810047B4B7 /* CI.xctestplan */ = {isa = PBXFileReference; lastKnownFileType = text; path = CI.xctestplan; sourceTree = "<group>"; };
		922DF25B2C64D8D50038EEB7 /* GalleryStoreSpecs.swift */ = {isa = PBXFileReference; lastKnownFileType = sourcecode.swift; path = GalleryStoreSpecs.swift; sourceTree = "<group>"; };
		922F11F92B17DC1F008B3FB8 /* RemoteGalleryLoader.swift */ = {isa = PBXFileReference; lastKnownFileType = sourcecode.swift; path = RemoteGalleryLoader.swift; sourceTree = "<group>"; };
		925029522CB54B00006113BC /* GalleryStore.xcdatamodel */ = {isa = PBXFileReference; lastKnownFileType = wrapper.xcdatamodel; path = GalleryStore.xcdatamodel; sourceTree = "<group>"; };
		925029542CB54FEC006113BC /* CoreDataGalleryStore.swift */ = {isa = PBXFileReference; lastKnownFileType = sourcecode.swift; path = CoreDataGalleryStore.swift; sourceTree = "<group>"; };
		925D35F92B08037000FE12DA /* NASAGallery.framework */ = {isa = PBXFileReference; explicitFileType = wrapper.framework; includeInIndex = 0; path = NASAGallery.framework; sourceTree = BUILT_PRODUCTS_DIR; };
		925D36012B08037000FE12DA /* NASAGalleryTests.xctest */ = {isa = PBXFileReference; explicitFileType = wrapper.cfbundle; includeInIndex = 0; path = NASAGalleryTests.xctest; sourceTree = BUILT_PRODUCTS_DIR; };
		925D36112B08037A00FE12DA /* GalleryImage.swift */ = {isa = PBXFileReference; lastKnownFileType = sourcecode.swift; path = GalleryImage.swift; sourceTree = "<group>"; };
		925D36132B0804A900FE12DA /* GalleryLoader.swift */ = {isa = PBXFileReference; lastKnownFileType = sourcecode.swift; path = GalleryLoader.swift; sourceTree = "<group>"; };
		9269EEB72BAE6C1500F68429 /* ValidateGalleryFromCacheUseCaseTests.swift */ = {isa = PBXFileReference; lastKnownFileType = sourcecode.swift; path = ValidateGalleryFromCacheUseCaseTests.swift; sourceTree = "<group>"; };
		927D81C52C9D8244005ED010 /* GalleryStoreSpecs+Helpers.swift */ = {isa = PBXFileReference; lastKnownFileType = sourcecode.swift; path = "GalleryStoreSpecs+Helpers.swift"; sourceTree = "<group>"; };
		927D81C72C9D91A6005ED010 /* XCTestCase+Throws.swift */ = {isa = PBXFileReference; lastKnownFileType = sourcecode.swift; path = "XCTestCase+Throws.swift"; sourceTree = "<group>"; };
		9282C9392B1A932900D564DE /* SharedTestHelpers.swift */ = {isa = PBXFileReference; lastKnownFileType = sourcecode.swift; path = SharedTestHelpers.swift; sourceTree = "<group>"; };
		9285CD572CA7668D0092B853 /* GalleryStoreSpecs+Assertions.swift */ = {isa = PBXFileReference; lastKnownFileType = sourcecode.swift; path = "GalleryStoreSpecs+Assertions.swift"; sourceTree = "<group>"; };
		9289F58E2B9939B600FBB279 /* CacheGalleryUseCaseTests.swift */ = {isa = PBXFileReference; lastKnownFileType = sourcecode.swift; path = CacheGalleryUseCaseTests.swift; sourceTree = "<group>"; };
		929CFC6D2BB7007800A34D5D /* GalleryCachePolicy.swift */ = {isa = PBXFileReference; lastKnownFileType = sourcecode.swift; path = GalleryCachePolicy.swift; sourceTree = "<group>"; };
		92A2737D2B2A141600C37E9E /* HTTPClient.swift */ = {isa = PBXFileReference; lastKnownFileType = sourcecode.swift; path = HTTPClient.swift; sourceTree = "<group>"; };
		92A2737F2B2A145A00C37E9E /* RemoteGalleryMapper.swift */ = {isa = PBXFileReference; lastKnownFileType = sourcecode.swift; path = RemoteGalleryMapper.swift; sourceTree = "<group>"; };
		92A2A4C62B0C23AE003F7B74 /* LoadGalleryFromRemoteUseCaseTests.swift */ = {isa = PBXFileReference; lastKnownFileType = sourcecode.swift; path = LoadGalleryFromRemoteUseCaseTests.swift; sourceTree = "<group>"; };
		92B6056A2B2E1C9C00514473 /* URLSessionHTTPClientTests.swift */ = {isa = PBXFileReference; lastKnownFileType = sourcecode.swift; path = URLSessionHTTPClientTests.swift; sourceTree = "<group>"; };
		92CFC41E2B372C8E00DEECF1 /* NASAGalleryAPIEndToEndTests.xctest */ = {isa = PBXFileReference; explicitFileType = wrapper.cfbundle; includeInIndex = 0; path = NASAGalleryAPIEndToEndTests.xctest; sourceTree = BUILT_PRODUCTS_DIR; };
		92CFC4202B372C8E00DEECF1 /* NASAGalleryAPIEndToEndTests.swift */ = {isa = PBXFileReference; lastKnownFileType = sourcecode.swift; path = NASAGalleryAPIEndToEndTests.swift; sourceTree = "<group>"; };
		92D4825F2BA4CDD00041BD25 /* LocalCache.swift */ = {isa = PBXFileReference; lastKnownFileType = sourcecode.swift; path = LocalCache.swift; sourceTree = "<group>"; };
		92DABC012B34769A009B1763 /* URLSessionHTTPClient.swift */ = {isa = PBXFileReference; lastKnownFileType = sourcecode.swift; path = URLSessionHTTPClient.swift; sourceTree = "<group>"; };
		92DBF2732B2CF8E20037094F /* XCTestCase+MemoryLeak.swift */ = {isa = PBXFileReference; lastKnownFileType = sourcecode.swift; path = "XCTestCase+MemoryLeak.swift"; sourceTree = "<group>"; };
		92DC023C2BA4842B00515BF5 /* LoadGalleryFromCacheUseCaseTests.swift */ = {isa = PBXFileReference; lastKnownFileType = sourcecode.swift; path = LoadGalleryFromCacheUseCaseTests.swift; sourceTree = "<group>"; };
		92E2F7CA2C2D7EC7002145F8 /* CodableGalleryStoreTests.swift */ = {isa = PBXFileReference; lastKnownFileType = sourcecode.swift; path = CodableGalleryStoreTests.swift; sourceTree = "<group>"; };
		92E9DE132BA25DF40073DEFE /* GalleryStore.swift */ = {isa = PBXFileReference; lastKnownFileType = sourcecode.swift; path = GalleryStore.swift; sourceTree = "<group>"; };
		92E9DE152BA25E170073DEFE /* LocalGalleryLoader.swift */ = {isa = PBXFileReference; lastKnownFileType = sourcecode.swift; path = LocalGalleryLoader.swift; sourceTree = "<group>"; };
		92E9DE182BA264C10073DEFE /* RemoteAPODItem.swift */ = {isa = PBXFileReference; lastKnownFileType = sourcecode.swift; path = RemoteAPODItem.swift; sourceTree = "<group>"; };
		92E9DE1A2BA266860073DEFE /* LocalGalleryImage.swift */ = {isa = PBXFileReference; lastKnownFileType = sourcecode.swift; path = LocalGalleryImage.swift; sourceTree = "<group>"; };
		92E9DE1F2BA26A6A0073DEFE /* API Diagram.png */ = {isa = PBXFileReference; lastKnownFileType = image.png; path = "API Diagram.png"; sourceTree = "<group>"; };
		92EADC822CACB10200E9ACF1 /* CoreDataGalleryStoreTests.swift */ = {isa = PBXFileReference; lastKnownFileType = sourcecode.swift; path = CoreDataGalleryStoreTests.swift; sourceTree = "<group>"; };
		92EF7CD92BA4BD1500F19C34 /* CacheHelpers.swift */ = {isa = PBXFileReference; lastKnownFileType = sourcecode.swift; path = CacheHelpers.swift; sourceTree = "<group>"; };
		92EF7CDB2BA4BD2000F19C34 /* GalleryStoreSpy.swift */ = {isa = PBXFileReference; lastKnownFileType = sourcecode.swift; path = GalleryStoreSpy.swift; sourceTree = "<group>"; };
		92F4B5DB2C381CE2003919E2 /* CodableGalleryStore.swift */ = {isa = PBXFileReference; lastKnownFileType = sourcecode.swift; path = CodableGalleryStore.swift; sourceTree = "<group>"; };
/* End PBXFileReference section */

/* Begin PBXFrameworksBuildPhase section */
		925D35F62B08037000FE12DA /* Frameworks */ = {
			isa = PBXFrameworksBuildPhase;
			buildActionMask = 2147483647;
			files = (
			);
			runOnlyForDeploymentPostprocessing = 0;
		};
		925D35FE2B08037000FE12DA /* Frameworks */ = {
			isa = PBXFrameworksBuildPhase;
			buildActionMask = 2147483647;
			files = (
				925D36022B08037000FE12DA /* NASAGallery.framework in Frameworks */,
			);
			runOnlyForDeploymentPostprocessing = 0;
		};
		92CFC41B2B372C8E00DEECF1 /* Frameworks */ = {
			isa = PBXFrameworksBuildPhase;
			buildActionMask = 2147483647;
			files = (
				92CFC4222B372C8E00DEECF1 /* NASAGallery.framework in Frameworks */,
			);
			runOnlyForDeploymentPostprocessing = 0;
		};
/* End PBXFrameworksBuildPhase section */

/* Begin PBXGroup section */
		921D2A852B376A5A0047B4B7 /* CI */ = {
			isa = PBXGroup;
			children = (
				921D2A862B376A810047B4B7 /* CI.xctestplan */,
			);
			path = CI;
			sourceTree = "<group>";
		};
		922F11F72B17DBDF008B3FB8 /* Gallery API */ = {
			isa = PBXGroup;
			children = (
				92AA3D582B99383D00674814 /* Use Case */,
				92AA3D572B99382300674814 /* Infrastructure */,
			);
			path = "Gallery API";
			sourceTree = "<group>";
		};
		922F11F82B17DBEC008B3FB8 /* Gallery API */ = {
			isa = PBXGroup;
			children = (
				92E9DE1F2BA26A6A0073DEFE /* API Diagram.png */,
				92E9DE172BA2648B0073DEFE /* Infrastructure */,
				92D4825D2BA4CD510041BD25 /* DTO */,
				92A2737F2B2A145A00C37E9E /* RemoteGalleryMapper.swift */,
				922F11F92B17DC1F008B3FB8 /* RemoteGalleryLoader.swift */,
			);
			path = "Gallery API";
			sourceTree = "<group>";
		};
		925029502CB54AD6006113BC /* CoreDataGalleryStore */ = {
			isa = PBXGroup;
			children = (
				925029512CB54B00006113BC /* GalleryStore.xcdatamodeld */,
				925029542CB54FEC006113BC /* CoreDataGalleryStore.swift */,
			);
			path = CoreDataGalleryStore;
			sourceTree = "<group>";
		};
		925D35EF2B08037000FE12DA = {
			isa = PBXGroup;
			children = (
				925D35FB2B08037000FE12DA /* NASAGallery */,
				9274D9592B3B01BE0090005A /* Tests */,
				921D2A852B376A5A0047B4B7 /* CI */,
				925D35FA2B08037000FE12DA /* Products */,
			);
			sourceTree = "<group>";
		};
		925D35FA2B08037000FE12DA /* Products */ = {
			isa = PBXGroup;
			children = (
				925D35F92B08037000FE12DA /* NASAGallery.framework */,
				925D36012B08037000FE12DA /* NASAGalleryTests.xctest */,
				92CFC41E2B372C8E00DEECF1 /* NASAGalleryAPIEndToEndTests.xctest */,
			);
			name = Products;
			sourceTree = "<group>";
		};
		925D35FB2B08037000FE12DA /* NASAGallery */ = {
			isa = PBXGroup;
			children = (
				925D36152B08057300FE12DA /* Gallery Feature */,
				922F11F82B17DBEC008B3FB8 /* Gallery API */,
				92AA3D592B9938CC00674814 /* Gallery Cache */,
			);
			path = NASAGallery;
			sourceTree = "<group>";
		};
		925D36052B08037000FE12DA /* NASAGalleryTests */ = {
			isa = PBXGroup;
			children = (
				921D2A842B3769C20047B4B7 /* NASAGallery.xctestplan */,
				92DC023E2BA4844700515BF5 /* Shared Test Helpers */,
				922F11F72B17DBDF008B3FB8 /* Gallery API */,
				92AA3D5A2B9938DA00674814 /* Gallery Cache */,
			);
			path = NASAGalleryTests;
			sourceTree = "<group>";
		};
		925D36152B08057300FE12DA /* Gallery Feature */ = {
			isa = PBXGroup;
			children = (
				925D36112B08037A00FE12DA /* GalleryImage.swift */,
				925D36132B0804A900FE12DA /* GalleryLoader.swift */,
			);
			path = "Gallery Feature";
			sourceTree = "<group>";
		};
		9274D9592B3B01BE0090005A /* Tests */ = {
			isa = PBXGroup;
			children = (
				925D36052B08037000FE12DA /* NASAGalleryTests */,
				92CFC41F2B372C8E00DEECF1 /* NASAGalleryAPIEndToEndTests */,
			);
			name = Tests;
			sourceTree = "<group>";
		};
		927D81C42C9D81F0005ED010 /* Gallery Store Specs */ = {
			isa = PBXGroup;
			children = (
				922DF25B2C64D8D50038EEB7 /* GalleryStoreSpecs.swift */,
				927D81C52C9D8244005ED010 /* GalleryStoreSpecs+Helpers.swift */,
				9285CD572CA7668D0092B853 /* GalleryStoreSpecs+Assertions.swift */,
			);
			path = "Gallery Store Specs";
			sourceTree = "<group>";
		};
		929CFC6C2BB7005600A34D5D /* Domain Models - Application-Agnostic Business Logic */ = {
			isa = PBXGroup;
			children = (
				929CFC6D2BB7007800A34D5D /* GalleryCachePolicy.swift */,
			);
			path = "Domain Models - Application-Agnostic Business Logic";
			sourceTree = "<group>";
		};
		92AA3D572B99382300674814 /* Infrastructure */ = {
			isa = PBXGroup;
			children = (
				92B6056A2B2E1C9C00514473 /* URLSessionHTTPClientTests.swift */,
			);
			path = Infrastructure;
			sourceTree = "<group>";
		};
		92AA3D582B99383D00674814 /* Use Case */ = {
			isa = PBXGroup;
			children = (
				92A2A4C62B0C23AE003F7B74 /* LoadGalleryFromRemoteUseCaseTests.swift */,
			);
			path = "Use Case";
			sourceTree = "<group>";
		};
		92AA3D592B9938CC00674814 /* Gallery Cache */ = {
			isa = PBXGroup;
			children = (
				929CFC6C2BB7005600A34D5D /* Domain Models - Application-Agnostic Business Logic */,
				92E9DE1C2BA2668E0073DEFE /* Infrastructure */,
				92D4825E2BA4CD5B0041BD25 /* DTO */,
				92E9DE152BA25E170073DEFE /* LocalGalleryLoader.swift */,
			);
			path = "Gallery Cache";
			sourceTree = "<group>";
		};
		92AA3D5A2B9938DA00674814 /* Gallery Cache */ = {
			isa = PBXGroup;
			children = (
				92EF7CD82BA4BC8200F19C34 /* Helpers */,
				92E2F7C82C2D7C9A002145F8 /* Use Cases */,
				92E2F7C92C2D7D09002145F8 /* Infrastructure */,
			);
			path = "Gallery Cache";
			sourceTree = "<group>";
		};
		92CFC41F2B372C8E00DEECF1 /* NASAGalleryAPIEndToEndTests */ = {
			isa = PBXGroup;
			children = (
				921D2A832B3768AE0047B4B7 /* NASAGalleryAPIEndToEndTests.xctestplan */,
				92CFC4202B372C8E00DEECF1 /* NASAGalleryAPIEndToEndTests.swift */,
			);
			path = NASAGalleryAPIEndToEndTests;
			sourceTree = "<group>";
		};
		92D4825D2BA4CD510041BD25 /* DTO */ = {
			isa = PBXGroup;
			children = (
				92E9DE182BA264C10073DEFE /* RemoteAPODItem.swift */,
			);
			path = DTO;
			sourceTree = "<group>";
		};
		92D4825E2BA4CD5B0041BD25 /* DTO */ = {
			isa = PBXGroup;
			children = (
				92E9DE1A2BA266860073DEFE /* LocalGalleryImage.swift */,
				92D4825F2BA4CDD00041BD25 /* LocalCache.swift */,
			);
			path = DTO;
			sourceTree = "<group>";
		};
		92DC023E2BA4844700515BF5 /* Shared Test Helpers */ = {
			isa = PBXGroup;
			children = (
				92032A7B2B213423008053C0 /* Fixtures.swift */,
				9282C9392B1A932900D564DE /* SharedTestHelpers.swift */,
				92DBF2732B2CF8E20037094F /* XCTestCase+MemoryLeak.swift */,
				927D81C72C9D91A6005ED010 /* XCTestCase+Throws.swift */,
			);
			path = "Shared Test Helpers";
			sourceTree = "<group>";
		};
		92E2F7C82C2D7C9A002145F8 /* Use Cases */ = {
			isa = PBXGroup;
			children = (
				92DC023C2BA4842B00515BF5 /* LoadGalleryFromCacheUseCaseTests.swift */,
				9289F58E2B9939B600FBB279 /* CacheGalleryUseCaseTests.swift */,
				9269EEB72BAE6C1500F68429 /* ValidateGalleryFromCacheUseCaseTests.swift */,
			);
			path = "Use Cases";
			sourceTree = "<group>";
		};
		92E2F7C92C2D7D09002145F8 /* Infrastructure */ = {
			isa = PBXGroup;
			children = (
				927D81C42C9D81F0005ED010 /* Gallery Store Specs */,
				92E2F7CA2C2D7EC7002145F8 /* CodableGalleryStoreTests.swift */,
				92EADC822CACB10200E9ACF1 /* CoreDataGalleryStoreTests.swift */,
			);
			path = Infrastructure;
			sourceTree = "<group>";
		};
		92E9DE172BA2648B0073DEFE /* Infrastructure */ = {
			isa = PBXGroup;
			children = (
				92A2737D2B2A141600C37E9E /* HTTPClient.swift */,
				92DABC012B34769A009B1763 /* URLSessionHTTPClient.swift */,
			);
			path = Infrastructure;
			sourceTree = "<group>";
		};
		92E9DE1C2BA2668E0073DEFE /* Infrastructure */ = {
			isa = PBXGroup;
			children = (
				92E9DE132BA25DF40073DEFE /* GalleryStore.swift */,
				92F4B5DB2C381CE2003919E2 /* CodableGalleryStore.swift */,
				925029502CB54AD6006113BC /* CoreDataGalleryStore */,
			);
			path = Infrastructure;
			sourceTree = "<group>";
		};
		92EF7CD82BA4BC8200F19C34 /* Helpers */ = {
			isa = PBXGroup;
			children = (
				92EF7CD92BA4BD1500F19C34 /* CacheHelpers.swift */,
				92EF7CDB2BA4BD2000F19C34 /* GalleryStoreSpy.swift */,
			);
			path = Helpers;
			sourceTree = "<group>";
		};
/* End PBXGroup section */

/* Begin PBXHeadersBuildPhase section */
		925D35F42B08037000FE12DA /* Headers */ = {
			isa = PBXHeadersBuildPhase;
			buildActionMask = 2147483647;
			files = (
			);
			runOnlyForDeploymentPostprocessing = 0;
		};
/* End PBXHeadersBuildPhase section */

/* Begin PBXNativeTarget section */
		925D35F82B08037000FE12DA /* NASAGallery */ = {
			isa = PBXNativeTarget;
			buildConfigurationList = 925D360B2B08037000FE12DA /* Build configuration list for PBXNativeTarget "NASAGallery" */;
			buildPhases = (
				925D35F42B08037000FE12DA /* Headers */,
				925D35F52B08037000FE12DA /* Sources */,
				925D35F62B08037000FE12DA /* Frameworks */,
				925D35F72B08037000FE12DA /* Resources */,
			);
			buildRules = (
			);
			dependencies = (
			);
			name = NASAGallery;
			productName = NASAGallery;
			productReference = 925D35F92B08037000FE12DA /* NASAGallery.framework */;
			productType = "com.apple.product-type.framework";
		};
		925D36002B08037000FE12DA /* NASAGalleryTests */ = {
			isa = PBXNativeTarget;
			buildConfigurationList = 925D360E2B08037000FE12DA /* Build configuration list for PBXNativeTarget "NASAGalleryTests" */;
			buildPhases = (
				925D35FD2B08037000FE12DA /* Sources */,
				925D35FE2B08037000FE12DA /* Frameworks */,
				925D35FF2B08037000FE12DA /* Resources */,
			);
			buildRules = (
			);
			dependencies = (
				925D36042B08037000FE12DA /* PBXTargetDependency */,
			);
			name = NASAGalleryTests;
			productName = NASAGalleryTests;
			productReference = 925D36012B08037000FE12DA /* NASAGalleryTests.xctest */;
			productType = "com.apple.product-type.bundle.unit-test";
		};
		92CFC41D2B372C8E00DEECF1 /* NASAGalleryAPIEndToEndTests */ = {
			isa = PBXNativeTarget;
			buildConfigurationList = 92CFC4272B372C8E00DEECF1 /* Build configuration list for PBXNativeTarget "NASAGalleryAPIEndToEndTests" */;
			buildPhases = (
				92CFC41A2B372C8E00DEECF1 /* Sources */,
				92CFC41B2B372C8E00DEECF1 /* Frameworks */,
				92CFC41C2B372C8E00DEECF1 /* Resources */,
			);
			buildRules = (
			);
			dependencies = (
				92CFC4242B372C8E00DEECF1 /* PBXTargetDependency */,
			);
			name = NASAGalleryAPIEndToEndTests;
			productName = NASAGalleryEndToEndTests;
			productReference = 92CFC41E2B372C8E00DEECF1 /* NASAGalleryAPIEndToEndTests.xctest */;
			productType = "com.apple.product-type.bundle.unit-test";
		};
/* End PBXNativeTarget section */

/* Begin PBXProject section */
		925D35F02B08037000FE12DA /* Project object */ = {
			isa = PBXProject;
			attributes = {
				BuildIndependentTargetsInParallel = 1;
				LastSwiftUpdateCheck = 1510;
				LastUpgradeCheck = 1510;
				TargetAttributes = {
					925D35F82B08037000FE12DA = {
						CreatedOnToolsVersion = 15.0.1;
						LastSwiftMigration = 1500;
					};
					925D36002B08037000FE12DA = {
						CreatedOnToolsVersion = 15.0.1;
					};
					92CFC41D2B372C8E00DEECF1 = {
						CreatedOnToolsVersion = 15.1;
					};
				};
			};
			buildConfigurationList = 925D35F32B08037000FE12DA /* Build configuration list for PBXProject "NASAGallery" */;
			compatibilityVersion = "Xcode 14.0";
			developmentRegion = en;
			hasScannedForEncodings = 0;
			knownRegions = (
				en,
				Base,
			);
			mainGroup = 925D35EF2B08037000FE12DA;
			productRefGroup = 925D35FA2B08037000FE12DA /* Products */;
			projectDirPath = "";
			projectRoot = "";
			targets = (
				925D35F82B08037000FE12DA /* NASAGallery */,
				925D36002B08037000FE12DA /* NASAGalleryTests */,
				92CFC41D2B372C8E00DEECF1 /* NASAGalleryAPIEndToEndTests */,
			);
		};
/* End PBXProject section */

/* Begin PBXResourcesBuildPhase section */
		925D35F72B08037000FE12DA /* Resources */ = {
			isa = PBXResourcesBuildPhase;
			buildActionMask = 2147483647;
			files = (
				92E9DE202BA26A6A0073DEFE /* API Diagram.png in Resources */,
			);
			runOnlyForDeploymentPostprocessing = 0;
		};
		925D35FF2B08037000FE12DA /* Resources */ = {
			isa = PBXResourcesBuildPhase;
			buildActionMask = 2147483647;
			files = (
			);
			runOnlyForDeploymentPostprocessing = 0;
		};
		92CFC41C2B372C8E00DEECF1 /* Resources */ = {
			isa = PBXResourcesBuildPhase;
			buildActionMask = 2147483647;
			files = (
			);
			runOnlyForDeploymentPostprocessing = 0;
		};
/* End PBXResourcesBuildPhase section */

/* Begin PBXSourcesBuildPhase section */
		925D35F52B08037000FE12DA /* Sources */ = {
			isa = PBXSourcesBuildPhase;
			buildActionMask = 2147483647;
			files = (
				922F11FA2B17DC1F008B3FB8 /* RemoteGalleryLoader.swift in Sources */,
				925D36142B0804A900FE12DA /* GalleryLoader.swift in Sources */,
				925029532CB54B00006113BC /* GalleryStore.xcdatamodeld in Sources */,
				92A2737E2B2A141600C37E9E /* HTTPClient.swift in Sources */,
				929CFC6E2BB7007800A34D5D /* GalleryCachePolicy.swift in Sources */,
				925029552CB54FEC006113BC /* CoreDataGalleryStore.swift in Sources */,
				925D36122B08037A00FE12DA /* GalleryImage.swift in Sources */,
				92E9DE1B2BA266860073DEFE /* LocalGalleryImage.swift in Sources */,
				92A273802B2A145A00C37E9E /* RemoteGalleryMapper.swift in Sources */,
				92D482602BA4CDD00041BD25 /* LocalCache.swift in Sources */,
				92E9DE162BA25E170073DEFE /* LocalGalleryLoader.swift in Sources */,
				92E9DE192BA264C10073DEFE /* RemoteAPODItem.swift in Sources */,
				92F4B5DC2C381CE2003919E2 /* CodableGalleryStore.swift in Sources */,
				92DABC022B34769A009B1763 /* URLSessionHTTPClient.swift in Sources */,
				92E9DE142BA25DF40073DEFE /* GalleryStore.swift in Sources */,
			);
			runOnlyForDeploymentPostprocessing = 0;
		};
		925D35FD2B08037000FE12DA /* Sources */ = {
			isa = PBXSourcesBuildPhase;
			buildActionMask = 2147483647;
			files = (
				92EF7CDE2BA4BD4800F19C34 /* CacheHelpers.swift in Sources */,
				92E2F7CC2C2D7ED4002145F8 /* CodableGalleryStoreTests.swift in Sources */,
				9269EEB82BAE6C1500F68429 /* ValidateGalleryFromCacheUseCaseTests.swift in Sources */,
				9285CD582CA7668D0092B853 /* GalleryStoreSpecs+Assertions.swift in Sources */,
				927D81C82C9D91A6005ED010 /* XCTestCase+Throws.swift in Sources */,
				92EADC832CACB10200E9ACF1 /* CoreDataGalleryStoreTests.swift in Sources */,
				92032A7C2B213423008053C0 /* Fixtures.swift in Sources */,
				92EF7CDD2BA4BD4300F19C34 /* GalleryStoreSpy.swift in Sources */,
				92A2A4C72B0C23AE003F7B74 /* LoadGalleryFromRemoteUseCaseTests.swift in Sources */,
				92DC023D2BA4842B00515BF5 /* LoadGalleryFromCacheUseCaseTests.swift in Sources */,
				92B6056B2B2E1C9C00514473 /* URLSessionHTTPClientTests.swift in Sources */,
				9289F58F2B9939B600FBB279 /* CacheGalleryUseCaseTests.swift in Sources */,
				922DF25C2C64D8D50038EEB7 /* GalleryStoreSpecs.swift in Sources */,
				92DBF2742B2CF8E20037094F /* XCTestCase+MemoryLeak.swift in Sources */,
				927D81C62C9D8244005ED010 /* GalleryStoreSpecs+Helpers.swift in Sources */,
				9282C93A2B1A932900D564DE /* SharedTestHelpers.swift in Sources */,
			);
			runOnlyForDeploymentPostprocessing = 0;
		};
		92CFC41A2B372C8E00DEECF1 /* Sources */ = {
			isa = PBXSourcesBuildPhase;
			buildActionMask = 2147483647;
			files = (
				92D4825C2BA4C3570041BD25 /* XCTestCase+MemoryLeak.swift in Sources */,
				92CFC4212B372C8E00DEECF1 /* NASAGalleryAPIEndToEndTests.swift in Sources */,
			);
			runOnlyForDeploymentPostprocessing = 0;
		};
/* End PBXSourcesBuildPhase section */

/* Begin PBXTargetDependency section */
		925D36042B08037000FE12DA /* PBXTargetDependency */ = {
			isa = PBXTargetDependency;
			target = 925D35F82B08037000FE12DA /* NASAGallery */;
			targetProxy = 925D36032B08037000FE12DA /* PBXContainerItemProxy */;
		};
		92CFC4242B372C8E00DEECF1 /* PBXTargetDependency */ = {
			isa = PBXTargetDependency;
			target = 925D35F82B08037000FE12DA /* NASAGallery */;
			targetProxy = 92CFC4232B372C8E00DEECF1 /* PBXContainerItemProxy */;
		};
/* End PBXTargetDependency section */

/* Begin XCBuildConfiguration section */
		925D36092B08037000FE12DA /* Debug */ = {
			isa = XCBuildConfiguration;
			buildSettings = {
				ALWAYS_SEARCH_USER_PATHS = NO;
				ASSETCATALOG_COMPILER_GENERATE_SWIFT_ASSET_SYMBOL_EXTENSIONS = YES;
				CLANG_ANALYZER_NONNULL = YES;
				CLANG_ANALYZER_NUMBER_OBJECT_CONVERSION = YES_AGGRESSIVE;
				CLANG_CXX_LANGUAGE_STANDARD = "gnu++20";
				CLANG_ENABLE_MODULES = YES;
				CLANG_ENABLE_OBJC_ARC = YES;
				CLANG_ENABLE_OBJC_WEAK = YES;
				CLANG_WARN_BLOCK_CAPTURE_AUTORELEASING = YES;
				CLANG_WARN_BOOL_CONVERSION = YES;
				CLANG_WARN_COMMA = YES;
				CLANG_WARN_CONSTANT_CONVERSION = YES;
				CLANG_WARN_DEPRECATED_OBJC_IMPLEMENTATIONS = YES;
				CLANG_WARN_DIRECT_OBJC_ISA_USAGE = YES_ERROR;
				CLANG_WARN_DOCUMENTATION_COMMENTS = YES;
				CLANG_WARN_EMPTY_BODY = YES;
				CLANG_WARN_ENUM_CONVERSION = YES;
				CLANG_WARN_INFINITE_RECURSION = YES;
				CLANG_WARN_INT_CONVERSION = YES;
				CLANG_WARN_NON_LITERAL_NULL_CONVERSION = YES;
				CLANG_WARN_OBJC_IMPLICIT_RETAIN_SELF = YES;
				CLANG_WARN_OBJC_LITERAL_CONVERSION = YES;
				CLANG_WARN_OBJC_ROOT_CLASS = YES_ERROR;
				CLANG_WARN_QUOTED_INCLUDE_IN_FRAMEWORK_HEADER = YES;
				CLANG_WARN_RANGE_LOOP_ANALYSIS = YES;
				CLANG_WARN_STRICT_PROTOTYPES = YES;
				CLANG_WARN_SUSPICIOUS_MOVE = YES;
				CLANG_WARN_UNGUARDED_AVAILABILITY = YES_AGGRESSIVE;
				CLANG_WARN_UNREACHABLE_CODE = YES;
				CLANG_WARN__DUPLICATE_METHOD_MATCH = YES;
				COPY_PHASE_STRIP = NO;
				CURRENT_PROJECT_VERSION = 1;
				DEAD_CODE_STRIPPING = YES;
				DEBUG_INFORMATION_FORMAT = dwarf;
				ENABLE_STRICT_OBJC_MSGSEND = YES;
				ENABLE_TESTABILITY = YES;
				ENABLE_USER_SCRIPT_SANDBOXING = YES;
				GCC_C_LANGUAGE_STANDARD = gnu17;
				GCC_DYNAMIC_NO_PIC = NO;
				GCC_NO_COMMON_BLOCKS = YES;
				GCC_OPTIMIZATION_LEVEL = 0;
				GCC_PREPROCESSOR_DEFINITIONS = (
					"DEBUG=1",
					"$(inherited)",
				);
				GCC_WARN_64_TO_32_BIT_CONVERSION = YES;
				GCC_WARN_ABOUT_RETURN_TYPE = YES_ERROR;
				GCC_WARN_UNDECLARED_SELECTOR = YES;
				GCC_WARN_UNINITIALIZED_AUTOS = YES_AGGRESSIVE;
				GCC_WARN_UNUSED_FUNCTION = YES;
				GCC_WARN_UNUSED_VARIABLE = YES;
				LOCALIZATION_PREFERS_STRING_CATALOGS = YES;
				MACOSX_DEPLOYMENT_TARGET = 14.0;
				MTL_ENABLE_DEBUG_INFO = INCLUDE_SOURCE;
				MTL_FAST_MATH = YES;
				ONLY_ACTIVE_ARCH = YES;
				SDKROOT = macosx;
				SWIFT_ACTIVE_COMPILATION_CONDITIONS = "DEBUG $(inherited)";
				SWIFT_OPTIMIZATION_LEVEL = "-Onone";
				VERSIONING_SYSTEM = "apple-generic";
				VERSION_INFO_PREFIX = "";
			};
			name = Debug;
		};
		925D360A2B08037000FE12DA /* Release */ = {
			isa = XCBuildConfiguration;
			buildSettings = {
				ALWAYS_SEARCH_USER_PATHS = NO;
				ASSETCATALOG_COMPILER_GENERATE_SWIFT_ASSET_SYMBOL_EXTENSIONS = YES;
				CLANG_ANALYZER_NONNULL = YES;
				CLANG_ANALYZER_NUMBER_OBJECT_CONVERSION = YES_AGGRESSIVE;
				CLANG_CXX_LANGUAGE_STANDARD = "gnu++20";
				CLANG_ENABLE_MODULES = YES;
				CLANG_ENABLE_OBJC_ARC = YES;
				CLANG_ENABLE_OBJC_WEAK = YES;
				CLANG_WARN_BLOCK_CAPTURE_AUTORELEASING = YES;
				CLANG_WARN_BOOL_CONVERSION = YES;
				CLANG_WARN_COMMA = YES;
				CLANG_WARN_CONSTANT_CONVERSION = YES;
				CLANG_WARN_DEPRECATED_OBJC_IMPLEMENTATIONS = YES;
				CLANG_WARN_DIRECT_OBJC_ISA_USAGE = YES_ERROR;
				CLANG_WARN_DOCUMENTATION_COMMENTS = YES;
				CLANG_WARN_EMPTY_BODY = YES;
				CLANG_WARN_ENUM_CONVERSION = YES;
				CLANG_WARN_INFINITE_RECURSION = YES;
				CLANG_WARN_INT_CONVERSION = YES;
				CLANG_WARN_NON_LITERAL_NULL_CONVERSION = YES;
				CLANG_WARN_OBJC_IMPLICIT_RETAIN_SELF = YES;
				CLANG_WARN_OBJC_LITERAL_CONVERSION = YES;
				CLANG_WARN_OBJC_ROOT_CLASS = YES_ERROR;
				CLANG_WARN_QUOTED_INCLUDE_IN_FRAMEWORK_HEADER = YES;
				CLANG_WARN_RANGE_LOOP_ANALYSIS = YES;
				CLANG_WARN_STRICT_PROTOTYPES = YES;
				CLANG_WARN_SUSPICIOUS_MOVE = YES;
				CLANG_WARN_UNGUARDED_AVAILABILITY = YES_AGGRESSIVE;
				CLANG_WARN_UNREACHABLE_CODE = YES;
				CLANG_WARN__DUPLICATE_METHOD_MATCH = YES;
				COPY_PHASE_STRIP = NO;
				CURRENT_PROJECT_VERSION = 1;
				DEAD_CODE_STRIPPING = YES;
				DEBUG_INFORMATION_FORMAT = "dwarf-with-dsym";
				ENABLE_NS_ASSERTIONS = NO;
				ENABLE_STRICT_OBJC_MSGSEND = YES;
				ENABLE_USER_SCRIPT_SANDBOXING = YES;
				GCC_C_LANGUAGE_STANDARD = gnu17;
				GCC_NO_COMMON_BLOCKS = YES;
				GCC_WARN_64_TO_32_BIT_CONVERSION = YES;
				GCC_WARN_ABOUT_RETURN_TYPE = YES_ERROR;
				GCC_WARN_UNDECLARED_SELECTOR = YES;
				GCC_WARN_UNINITIALIZED_AUTOS = YES_AGGRESSIVE;
				GCC_WARN_UNUSED_FUNCTION = YES;
				GCC_WARN_UNUSED_VARIABLE = YES;
				LOCALIZATION_PREFERS_STRING_CATALOGS = YES;
				MACOSX_DEPLOYMENT_TARGET = 14.0;
				MTL_ENABLE_DEBUG_INFO = NO;
				MTL_FAST_MATH = YES;
				SDKROOT = macosx;
				SWIFT_COMPILATION_MODE = wholemodule;
				VERSIONING_SYSTEM = "apple-generic";
				VERSION_INFO_PREFIX = "";
			};
			name = Release;
		};
		925D360C2B08037000FE12DA /* Debug */ = {
			isa = XCBuildConfiguration;
			buildSettings = {
				CLANG_ENABLE_MODULES = YES;
				CODE_SIGN_IDENTITY = "";
				CODE_SIGN_STYLE = Automatic;
				COMBINE_HIDPI_IMAGES = YES;
				CURRENT_PROJECT_VERSION = 1;
				DEAD_CODE_STRIPPING = YES;
				DEFINES_MODULE = YES;
				DEVELOPMENT_TEAM = 8C3NFSJWVT;
				DYLIB_COMPATIBILITY_VERSION = 1;
				DYLIB_CURRENT_VERSION = 1;
				DYLIB_INSTALL_NAME_BASE = "@rpath";
				ENABLE_MODULE_VERIFIER = YES;
				GENERATE_INFOPLIST_FILE = YES;
				INFOPLIST_KEY_NSHumanReadableCopyright = "";
				INSTALL_PATH = "$(LOCAL_LIBRARY_DIR)/Frameworks";
				LD_RUNPATH_SEARCH_PATHS = (
					"$(inherited)",
					"@executable_path/../Frameworks",
					"@loader_path/Frameworks",
				);
				MACOSX_DEPLOYMENT_TARGET = 13.0;
				MARKETING_VERSION = 1.0;
				MODULE_VERIFIER_SUPPORTED_LANGUAGES = "objective-c objective-c++";
				MODULE_VERIFIER_SUPPORTED_LANGUAGE_STANDARDS = "gnu17 gnu++20";
				PRODUCT_BUNDLE_IDENTIFIER = ivo.NASAGallery;
				PRODUCT_NAME = "$(TARGET_NAME:c99extidentifier)";
				SKIP_INSTALL = YES;
				SWIFT_EMIT_LOC_STRINGS = YES;
				SWIFT_OPTIMIZATION_LEVEL = "-Onone";
				SWIFT_VERSION = 5.0;
			};
			name = Debug;
		};
		925D360D2B08037000FE12DA /* Release */ = {
			isa = XCBuildConfiguration;
			buildSettings = {
				CLANG_ENABLE_MODULES = YES;
				CODE_SIGN_IDENTITY = "";
				CODE_SIGN_STYLE = Automatic;
				COMBINE_HIDPI_IMAGES = YES;
				CURRENT_PROJECT_VERSION = 1;
				DEAD_CODE_STRIPPING = YES;
				DEFINES_MODULE = YES;
				DEVELOPMENT_TEAM = 8C3NFSJWVT;
				DYLIB_COMPATIBILITY_VERSION = 1;
				DYLIB_CURRENT_VERSION = 1;
				DYLIB_INSTALL_NAME_BASE = "@rpath";
				ENABLE_MODULE_VERIFIER = YES;
				GENERATE_INFOPLIST_FILE = YES;
				INFOPLIST_KEY_NSHumanReadableCopyright = "";
				INSTALL_PATH = "$(LOCAL_LIBRARY_DIR)/Frameworks";
				LD_RUNPATH_SEARCH_PATHS = (
					"$(inherited)",
					"@executable_path/../Frameworks",
					"@loader_path/Frameworks",
				);
				MACOSX_DEPLOYMENT_TARGET = 13.0;
				MARKETING_VERSION = 1.0;
				MODULE_VERIFIER_SUPPORTED_LANGUAGES = "objective-c objective-c++";
				MODULE_VERIFIER_SUPPORTED_LANGUAGE_STANDARDS = "gnu17 gnu++20";
				PRODUCT_BUNDLE_IDENTIFIER = ivo.NASAGallery;
				PRODUCT_NAME = "$(TARGET_NAME:c99extidentifier)";
				SKIP_INSTALL = YES;
				SWIFT_EMIT_LOC_STRINGS = YES;
				SWIFT_VERSION = 5.0;
			};
			name = Release;
		};
		925D360F2B08037000FE12DA /* Debug */ = {
			isa = XCBuildConfiguration;
			buildSettings = {
				ALWAYS_EMBED_SWIFT_STANDARD_LIBRARIES = YES;
				CODE_SIGN_STYLE = Automatic;
				CURRENT_PROJECT_VERSION = 1;
				DEAD_CODE_STRIPPING = YES;
				DEVELOPMENT_TEAM = 8C3NFSJWVT;
				GENERATE_INFOPLIST_FILE = YES;
				MACOSX_DEPLOYMENT_TARGET = 13.0;
				MARKETING_VERSION = 1.0;
				PRODUCT_BUNDLE_IDENTIFIER = ivo.NASAGalleryTests;
				PRODUCT_NAME = "$(TARGET_NAME)";
				SWIFT_EMIT_LOC_STRINGS = NO;
				SWIFT_VERSION = 5.0;
			};
			name = Debug;
		};
		925D36102B08037000FE12DA /* Release */ = {
			isa = XCBuildConfiguration;
			buildSettings = {
				ALWAYS_EMBED_SWIFT_STANDARD_LIBRARIES = YES;
				CODE_SIGN_STYLE = Automatic;
				CURRENT_PROJECT_VERSION = 1;
				DEAD_CODE_STRIPPING = YES;
				DEVELOPMENT_TEAM = 8C3NFSJWVT;
				GENERATE_INFOPLIST_FILE = YES;
				MACOSX_DEPLOYMENT_TARGET = 13.0;
				MARKETING_VERSION = 1.0;
				PRODUCT_BUNDLE_IDENTIFIER = ivo.NASAGalleryTests;
				PRODUCT_NAME = "$(TARGET_NAME)";
				SWIFT_EMIT_LOC_STRINGS = NO;
				SWIFT_VERSION = 5.0;
			};
			name = Release;
		};
		92CFC4252B372C8E00DEECF1 /* Debug */ = {
			isa = XCBuildConfiguration;
			buildSettings = {
				CODE_SIGN_STYLE = Automatic;
				CURRENT_PROJECT_VERSION = 1;
				DEAD_CODE_STRIPPING = YES;
				DEVELOPMENT_TEAM = 8C3NFSJWVT;
				GENERATE_INFOPLIST_FILE = YES;
				MACOSX_DEPLOYMENT_TARGET = 13.0;
				MARKETING_VERSION = 1.0;
				PRODUCT_BUNDLE_IDENTIFIER = ivo.NASAGalleryEndToEndTests;
				PRODUCT_NAME = "$(TARGET_NAME)";
				SWIFT_EMIT_LOC_STRINGS = NO;
				SWIFT_VERSION = 5.0;
			};
			name = Debug;
		};
		92CFC4262B372C8E00DEECF1 /* Release */ = {
			isa = XCBuildConfiguration;
			buildSettings = {
				CODE_SIGN_STYLE = Automatic;
				CURRENT_PROJECT_VERSION = 1;
				DEAD_CODE_STRIPPING = YES;
				DEVELOPMENT_TEAM = 8C3NFSJWVT;
				GENERATE_INFOPLIST_FILE = YES;
				MACOSX_DEPLOYMENT_TARGET = 13.0;
				MARKETING_VERSION = 1.0;
				PRODUCT_BUNDLE_IDENTIFIER = ivo.NASAGalleryEndToEndTests;
				PRODUCT_NAME = "$(TARGET_NAME)";
				SWIFT_EMIT_LOC_STRINGS = NO;
				SWIFT_VERSION = 5.0;
			};
			name = Release;
		};
/* End XCBuildConfiguration section */

/* Begin XCConfigurationList section */
		925D35F32B08037000FE12DA /* Build configuration list for PBXProject "NASAGallery" */ = {
			isa = XCConfigurationList;
			buildConfigurations = (
				925D36092B08037000FE12DA /* Debug */,
				925D360A2B08037000FE12DA /* Release */,
			);
			defaultConfigurationIsVisible = 0;
			defaultConfigurationName = Release;
		};
		925D360B2B08037000FE12DA /* Build configuration list for PBXNativeTarget "NASAGallery" */ = {
			isa = XCConfigurationList;
			buildConfigurations = (
				925D360C2B08037000FE12DA /* Debug */,
				925D360D2B08037000FE12DA /* Release */,
			);
			defaultConfigurationIsVisible = 0;
			defaultConfigurationName = Release;
		};
		925D360E2B08037000FE12DA /* Build configuration list for PBXNativeTarget "NASAGalleryTests" */ = {
			isa = XCConfigurationList;
			buildConfigurations = (
				925D360F2B08037000FE12DA /* Debug */,
				925D36102B08037000FE12DA /* Release */,
			);
			defaultConfigurationIsVisible = 0;
			defaultConfigurationName = Release;
		};
		92CFC4272B372C8E00DEECF1 /* Build configuration list for PBXNativeTarget "NASAGalleryAPIEndToEndTests" */ = {
			isa = XCConfigurationList;
			buildConfigurations = (
				92CFC4252B372C8E00DEECF1 /* Debug */,
				92CFC4262B372C8E00DEECF1 /* Release */,
			);
			defaultConfigurationIsVisible = 0;
			defaultConfigurationName = Release;
		};
/* End XCConfigurationList section */

/* Begin XCVersionGroup section */
		925029512CB54B00006113BC /* GalleryStore.xcdatamodeld */ = {
			isa = XCVersionGroup;
			children = (
				925029522CB54B00006113BC /* GalleryStore.xcdatamodel */,
			);
			currentVersion = 925029522CB54B00006113BC /* GalleryStore.xcdatamodel */;
			name = GalleryStore.xcdatamodeld;
			path = "/Users/ivo/Desktop/NASA-Gallery/NASAGallery/NASAGallery/Gallery Cache/Infrastructure/CoreDataGalleryStore/GalleryStore.xcdatamodeld";
			sourceTree = "<group>";
			versionGroupType = wrapper.xcdatamodel;
		};
/* End XCVersionGroup section */
	};
	rootObject = 925D35F02B08037000FE12DA /* Project object */;
}
