// !$*UTF8*$!
{
	archiveVersion = 1;
	classes = {
	};
	objectVersion = 56;
	objects = {

/* Begin PBXBuildFile section */
		92032A7C2B213423008053C0 /* Fixtures.swift in Sources */ = {isa = PBXBuildFile; fileRef = 92032A7B2B213423008053C0 /* Fixtures.swift */; };
		922F11FA2B17DC1F008B3FB8 /* RemoteGalleryLoader.swift in Sources */ = {isa = PBXBuildFile; fileRef = 922F11F92B17DC1F008B3FB8 /* RemoteGalleryLoader.swift */; };
		925D36022B08037000FE12DA /* NASAGallery.framework in Frameworks */ = {isa = PBXBuildFile; fileRef = 925D35F92B08037000FE12DA /* NASAGallery.framework */; };
		925D36122B08037A00FE12DA /* GalleryItem.swift in Sources */ = {isa = PBXBuildFile; fileRef = 925D36112B08037A00FE12DA /* GalleryItem.swift */; };
		925D36142B0804A900FE12DA /* GalleryLoader.swift in Sources */ = {isa = PBXBuildFile; fileRef = 925D36132B0804A900FE12DA /* GalleryLoader.swift */; };
		9282C93A2B1A932900D564DE /* SharedTestHelpers.swift in Sources */ = {isa = PBXBuildFile; fileRef = 9282C9392B1A932900D564DE /* SharedTestHelpers.swift */; };
		92A2737E2B2A141600C37E9E /* HTTPClient.swift in Sources */ = {isa = PBXBuildFile; fileRef = 92A2737D2B2A141600C37E9E /* HTTPClient.swift */; };
		92A273802B2A145A00C37E9E /* RemoteGalleryMapper.swift in Sources */ = {isa = PBXBuildFile; fileRef = 92A2737F2B2A145A00C37E9E /* RemoteGalleryMapper.swift */; };
		92A2A4C72B0C23AE003F7B74 /* RemoteGalleryLoaderTests.swift in Sources */ = {isa = PBXBuildFile; fileRef = 92A2A4C62B0C23AE003F7B74 /* RemoteGalleryLoaderTests.swift */; };
		92B6056B2B2E1C9C00514473 /* URLSessionHTTPClientTests.swift in Sources */ = {isa = PBXBuildFile; fileRef = 92B6056A2B2E1C9C00514473 /* URLSessionHTTPClientTests.swift */; };
		92DABC022B34769A009B1763 /* URLSessionHTTPClient.swift in Sources */ = {isa = PBXBuildFile; fileRef = 92DABC012B34769A009B1763 /* URLSessionHTTPClient.swift */; };
		92DBF2742B2CF8E20037094F /* XCTestCase+MemoryLeak.swift in Sources */ = {isa = PBXBuildFile; fileRef = 92DBF2732B2CF8E20037094F /* XCTestCase+MemoryLeak.swift */; };
/* End PBXBuildFile section */

/* Begin PBXContainerItemProxy section */
		925D36032B08037000FE12DA /* PBXContainerItemProxy */ = {
			isa = PBXContainerItemProxy;
			containerPortal = 925D35F02B08037000FE12DA /* Project object */;
			proxyType = 1;
			remoteGlobalIDString = 925D35F82B08037000FE12DA;
			remoteInfo = NASAGallery;
		};
/* End PBXContainerItemProxy section */

/* Begin PBXFileReference section */
		92032A7B2B213423008053C0 /* Fixtures.swift */ = {isa = PBXFileReference; lastKnownFileType = sourcecode.swift; path = Fixtures.swift; sourceTree = "<group>"; };
		922F11F92B17DC1F008B3FB8 /* RemoteGalleryLoader.swift */ = {isa = PBXFileReference; lastKnownFileType = sourcecode.swift; path = RemoteGalleryLoader.swift; sourceTree = "<group>"; };
		925D35F92B08037000FE12DA /* NASAGallery.framework */ = {isa = PBXFileReference; explicitFileType = wrapper.framework; includeInIndex = 0; path = NASAGallery.framework; sourceTree = BUILT_PRODUCTS_DIR; };
		925D36012B08037000FE12DA /* NASAGalleryTests.xctest */ = {isa = PBXFileReference; explicitFileType = wrapper.cfbundle; includeInIndex = 0; path = NASAGalleryTests.xctest; sourceTree = BUILT_PRODUCTS_DIR; };
		925D36112B08037A00FE12DA /* GalleryItem.swift */ = {isa = PBXFileReference; lastKnownFileType = sourcecode.swift; path = GalleryItem.swift; sourceTree = "<group>"; };
		925D36132B0804A900FE12DA /* GalleryLoader.swift */ = {isa = PBXFileReference; lastKnownFileType = sourcecode.swift; path = GalleryLoader.swift; sourceTree = "<group>"; };
		9282C9392B1A932900D564DE /* SharedTestHelpers.swift */ = {isa = PBXFileReference; lastKnownFileType = sourcecode.swift; path = SharedTestHelpers.swift; sourceTree = "<group>"; };
		92A2737D2B2A141600C37E9E /* HTTPClient.swift */ = {isa = PBXFileReference; lastKnownFileType = sourcecode.swift; path = HTTPClient.swift; sourceTree = "<group>"; };
		92A2737F2B2A145A00C37E9E /* RemoteGalleryMapper.swift */ = {isa = PBXFileReference; lastKnownFileType = sourcecode.swift; path = RemoteGalleryMapper.swift; sourceTree = "<group>"; };
		92A2A4C62B0C23AE003F7B74 /* RemoteGalleryLoaderTests.swift */ = {isa = PBXFileReference; lastKnownFileType = sourcecode.swift; path = RemoteGalleryLoaderTests.swift; sourceTree = "<group>"; };
		92B6056A2B2E1C9C00514473 /* URLSessionHTTPClientTests.swift */ = {isa = PBXFileReference; lastKnownFileType = sourcecode.swift; path = URLSessionHTTPClientTests.swift; sourceTree = "<group>"; };
		92DABC012B34769A009B1763 /* URLSessionHTTPClient.swift */ = {isa = PBXFileReference; lastKnownFileType = sourcecode.swift; path = URLSessionHTTPClient.swift; sourceTree = "<group>"; };
		92DBF2732B2CF8E20037094F /* XCTestCase+MemoryLeak.swift */ = {isa = PBXFileReference; lastKnownFileType = sourcecode.swift; path = "XCTestCase+MemoryLeak.swift"; sourceTree = "<group>"; };
/* End PBXFileReference section */

/* Begin PBXFrameworksBuildPhase section */
		925D35F62B08037000FE12DA /* Frameworks */ = {
			isa = PBXFrameworksBuildPhase;
			buildActionMask = 2147483647;
			files = (
			);
			runOnlyForDeploymentPostprocessing = 0;
		};
		925D35FE2B08037000FE12DA /* Frameworks */ = {
			isa = PBXFrameworksBuildPhase;
			buildActionMask = 2147483647;
			files = (
				925D36022B08037000FE12DA /* NASAGallery.framework in Frameworks */,
			);
			runOnlyForDeploymentPostprocessing = 0;
		};
/* End PBXFrameworksBuildPhase section */

/* Begin PBXGroup section */
		922F11F72B17DBDF008B3FB8 /* Gallery API */ = {
			isa = PBXGroup;
			children = (
				9282C9382B1A931D00D564DE /* Helpers */,
				92A2A4C62B0C23AE003F7B74 /* RemoteGalleryLoaderTests.swift */,
				92B6056A2B2E1C9C00514473 /* URLSessionHTTPClientTests.swift */,
			);
			path = "Gallery API";
			sourceTree = "<group>";
		};
		922F11F82B17DBEC008B3FB8 /* Gallery API */ = {
			isa = PBXGroup;
			children = (
				92A2737D2B2A141600C37E9E /* HTTPClient.swift */,
				92DABC012B34769A009B1763 /* URLSessionHTTPClient.swift */,
				922F11F92B17DC1F008B3FB8 /* RemoteGalleryLoader.swift */,
				92A2737F2B2A145A00C37E9E /* RemoteGalleryMapper.swift */,
			);
			path = "Gallery API";
			sourceTree = "<group>";
		};
		925D35EF2B08037000FE12DA = {
			isa = PBXGroup;
			children = (
				925D35FB2B08037000FE12DA /* NASAGallery */,
				925D36052B08037000FE12DA /* NASAGalleryTests */,
				925D35FA2B08037000FE12DA /* Products */,
			);
			sourceTree = "<group>";
		};
		925D35FA2B08037000FE12DA /* Products */ = {
			isa = PBXGroup;
			children = (
				925D35F92B08037000FE12DA /* NASAGallery.framework */,
				925D36012B08037000FE12DA /* NASAGalleryTests.xctest */,
			);
			name = Products;
			sourceTree = "<group>";
		};
		925D35FB2B08037000FE12DA /* NASAGallery */ = {
			isa = PBXGroup;
			children = (
				925D36152B08057300FE12DA /* Gallery Feature */,
				922F11F82B17DBEC008B3FB8 /* Gallery API */,
			);
			path = NASAGallery;
			sourceTree = "<group>";
		};
		925D36052B08037000FE12DA /* NASAGalleryTests */ = {
			isa = PBXGroup;
			children = (
				922F11F72B17DBDF008B3FB8 /* Gallery API */,
			);
			path = NASAGalleryTests;
			sourceTree = "<group>";
		};
		925D36152B08057300FE12DA /* Gallery Feature */ = {
			isa = PBXGroup;
			children = (
				925D36112B08037A00FE12DA /* GalleryItem.swift */,
				925D36132B0804A900FE12DA /* GalleryLoader.swift */,
			);
			path = "Gallery Feature";
			sourceTree = "<group>";
		};
		9282C9382B1A931D00D564DE /* Helpers */ = {
			isa = PBXGroup;
			children = (
				92032A7B2B213423008053C0 /* Fixtures.swift */,
				92DBF2732B2CF8E20037094F /* XCTestCase+MemoryLeak.swift */,
				9282C9392B1A932900D564DE /* SharedTestHelpers.swift */,
			);
			path = Helpers;
			sourceTree = "<group>";
		};
/* End PBXGroup section */

/* Begin PBXHeadersBuildPhase section */
		925D35F42B08037000FE12DA /* Headers */ = {
			isa = PBXHeadersBuildPhase;
			buildActionMask = 2147483647;
			files = (
			);
			runOnlyForDeploymentPostprocessing = 0;
		};
/* End PBXHeadersBuildPhase section */

/* Begin PBXNativeTarget section */
		925D35F82B08037000FE12DA /* NASAGallery */ = {
			isa = PBXNativeTarget;
			buildConfigurationList = 925D360B2B08037000FE12DA /* Build configuration list for PBXNativeTarget "NASAGallery" */;
			buildPhases = (
				925D35F42B08037000FE12DA /* Headers */,
				925D35F52B08037000FE12DA /* Sources */,
				925D35F62B08037000FE12DA /* Frameworks */,
				925D35F72B08037000FE12DA /* Resources */,
			);
			buildRules = (
			);
			dependencies = (
			);
			name = NASAGallery;
			productName = NASAGallery;
			productReference = 925D35F92B08037000FE12DA /* NASAGallery.framework */;
			productType = "com.apple.product-type.framework";
		};
		925D36002B08037000FE12DA /* NASAGalleryTests */ = {
			isa = PBXNativeTarget;
			buildConfigurationList = 925D360E2B08037000FE12DA /* Build configuration list for PBXNativeTarget "NASAGalleryTests" */;
			buildPhases = (
				925D35FD2B08037000FE12DA /* Sources */,
				925D35FE2B08037000FE12DA /* Frameworks */,
				925D35FF2B08037000FE12DA /* Resources */,
			);
			buildRules = (
			);
			dependencies = (
				925D36042B08037000FE12DA /* PBXTargetDependency */,
			);
			name = NASAGalleryTests;
			productName = NASAGalleryTests;
			productReference = 925D36012B08037000FE12DA /* NASAGalleryTests.xctest */;
			productType = "com.apple.product-type.bundle.unit-test";
		};
/* End PBXNativeTarget section */

/* Begin PBXProject section */
		925D35F02B08037000FE12DA /* Project object */ = {
			isa = PBXProject;
			attributes = {
				BuildIndependentTargetsInParallel = 1;
				LastSwiftUpdateCheck = 1500;
				LastUpgradeCheck = 1500;
				TargetAttributes = {
					925D35F82B08037000FE12DA = {
						CreatedOnToolsVersion = 15.0.1;
						LastSwiftMigration = 1500;
					};
					925D36002B08037000FE12DA = {
						CreatedOnToolsVersion = 15.0.1;
					};
				};
			};
			buildConfigurationList = 925D35F32B08037000FE12DA /* Build configuration list for PBXProject "NASAGallery" */;
			compatibilityVersion = "Xcode 14.0";
			developmentRegion = en;
			hasScannedForEncodings = 0;
			knownRegions = (
				en,
				Base,
			);
			mainGroup = 925D35EF2B08037000FE12DA;
			productRefGroup = 925D35FA2B08037000FE12DA /* Products */;
			projectDirPath = "";
			projectRoot = "";
			targets = (
				925D35F82B08037000FE12DA /* NASAGallery */,
				925D36002B08037000FE12DA /* NASAGalleryTests */,
			);
		};
/* End PBXProject section */

/* Begin PBXResourcesBuildPhase section */
		925D35F72B08037000FE12DA /* Resources */ = {
			isa = PBXResourcesBuildPhase;
			buildActionMask = 2147483647;
			files = (
			);
			runOnlyForDeploymentPostprocessing = 0;
		};
		925D35FF2B08037000FE12DA /* Resources */ = {
			isa = PBXResourcesBuildPhase;
			buildActionMask = 2147483647;
			files = (
			);
			runOnlyForDeploymentPostprocessing = 0;
		};
/* End PBXResourcesBuildPhase section */

/* Begin PBXSourcesBuildPhase section */
		925D35F52B08037000FE12DA /* Sources */ = {
			isa = PBXSourcesBuildPhase;
			buildActionMask = 2147483647;
			files = (
				922F11FA2B17DC1F008B3FB8 /* RemoteGalleryLoader.swift in Sources */,
				925D36142B0804A900FE12DA /* GalleryLoader.swift in Sources */,
				92A2737E2B2A141600C37E9E /* HTTPClient.swift in Sources */,
				925D36122B08037A00FE12DA /* GalleryItem.swift in Sources */,
				92A273802B2A145A00C37E9E /* RemoteGalleryMapper.swift in Sources */,
				92DABC022B34769A009B1763 /* URLSessionHTTPClient.swift in Sources */,
			);
			runOnlyForDeploymentPostprocessing = 0;
		};
		925D35FD2B08037000FE12DA /* Sources */ = {
			isa = PBXSourcesBuildPhase;
			buildActionMask = 2147483647;
			files = (
				92032A7C2B213423008053C0 /* Fixtures.swift in Sources */,
				92A2A4C72B0C23AE003F7B74 /* RemoteGalleryLoaderTests.swift in Sources */,
				92B6056B2B2E1C9C00514473 /* URLSessionHTTPClientTests.swift in Sources */,
				92DBF2742B2CF8E20037094F /* XCTestCase+MemoryLeak.swift in Sources */,
				9282C93A2B1A932900D564DE /* SharedTestHelpers.swift in Sources */,
			);
			runOnlyForDeploymentPostprocessing = 0;
		};
/* End PBXSourcesBuildPhase section */

/* Begin PBXTargetDependency section */
		925D36042B08037000FE12DA /* PBXTargetDependency */ = {
			isa = PBXTargetDependency;
			target = 925D35F82B08037000FE12DA /* NASAGallery */;
			targetProxy = 925D36032B08037000FE12DA /* PBXContainerItemProxy */;
		};
/* End PBXTargetDependency section */

/* Begin XCBuildConfiguration section */
		925D36092B08037000FE12DA /* Debug */ = {
			isa = XCBuildConfiguration;
			buildSettings = {
				ALWAYS_SEARCH_USER_PATHS = NO;
				ASSETCATALOG_COMPILER_GENERATE_SWIFT_ASSET_SYMBOL_EXTENSIONS = YES;
				CLANG_ANALYZER_NONNULL = YES;
				CLANG_ANALYZER_NUMBER_OBJECT_CONVERSION = YES_AGGRESSIVE;
				CLANG_CXX_LANGUAGE_STANDARD = "gnu++20";
				CLANG_ENABLE_MODULES = YES;
				CLANG_ENABLE_OBJC_ARC = YES;
				CLANG_ENABLE_OBJC_WEAK = YES;
				CLANG_WARN_BLOCK_CAPTURE_AUTORELEASING = YES;
				CLANG_WARN_BOOL_CONVERSION = YES;
				CLANG_WARN_COMMA = YES;
				CLANG_WARN_CONSTANT_CONVERSION = YES;
				CLANG_WARN_DEPRECATED_OBJC_IMPLEMENTATIONS = YES;
				CLANG_WARN_DIRECT_OBJC_ISA_USAGE = YES_ERROR;
				CLANG_WARN_DOCUMENTATION_COMMENTS = YES;
				CLANG_WARN_EMPTY_BODY = YES;
				CLANG_WARN_ENUM_CONVERSION = YES;
				CLANG_WARN_INFINITE_RECURSION = YES;
				CLANG_WARN_INT_CONVERSION = YES;
				CLANG_WARN_NON_LITERAL_NULL_CONVERSION = YES;
				CLANG_WARN_OBJC_IMPLICIT_RETAIN_SELF = YES;
				CLANG_WARN_OBJC_LITERAL_CONVERSION = YES;
				CLANG_WARN_OBJC_ROOT_CLASS = YES_ERROR;
				CLANG_WARN_QUOTED_INCLUDE_IN_FRAMEWORK_HEADER = YES;
				CLANG_WARN_RANGE_LOOP_ANALYSIS = YES;
				CLANG_WARN_STRICT_PROTOTYPES = YES;
				CLANG_WARN_SUSPICIOUS_MOVE = YES;
				CLANG_WARN_UNGUARDED_AVAILABILITY = YES_AGGRESSIVE;
				CLANG_WARN_UNREACHABLE_CODE = YES;
				CLANG_WARN__DUPLICATE_METHOD_MATCH = YES;
				COPY_PHASE_STRIP = NO;
				CURRENT_PROJECT_VERSION = 1;
				DEBUG_INFORMATION_FORMAT = dwarf;
				ENABLE_STRICT_OBJC_MSGSEND = YES;
				ENABLE_TESTABILITY = YES;
				ENABLE_USER_SCRIPT_SANDBOXING = YES;
				GCC_C_LANGUAGE_STANDARD = gnu17;
				GCC_DYNAMIC_NO_PIC = NO;
				GCC_NO_COMMON_BLOCKS = YES;
				GCC_OPTIMIZATION_LEVEL = 0;
				GCC_PREPROCESSOR_DEFINITIONS = (
					"DEBUG=1",
					"$(inherited)",
				);
				GCC_WARN_64_TO_32_BIT_CONVERSION = YES;
				GCC_WARN_ABOUT_RETURN_TYPE = YES_ERROR;
				GCC_WARN_UNDECLARED_SELECTOR = YES;
				GCC_WARN_UNINITIALIZED_AUTOS = YES_AGGRESSIVE;
				GCC_WARN_UNUSED_FUNCTION = YES;
				GCC_WARN_UNUSED_VARIABLE = YES;
				LOCALIZATION_PREFERS_STRING_CATALOGS = YES;
				MACOSX_DEPLOYMENT_TARGET = 14.0;
				MTL_ENABLE_DEBUG_INFO = INCLUDE_SOURCE;
				MTL_FAST_MATH = YES;
				ONLY_ACTIVE_ARCH = YES;
				SDKROOT = macosx;
				SWIFT_ACTIVE_COMPILATION_CONDITIONS = "DEBUG $(inherited)";
				SWIFT_OPTIMIZATION_LEVEL = "-Onone";
				VERSIONING_SYSTEM = "apple-generic";
				VERSION_INFO_PREFIX = "";
			};
			name = Debug;
		};
		925D360A2B08037000FE12DA /* Release */ = {
			isa = XCBuildConfiguration;
			buildSettings = {
				ALWAYS_SEARCH_USER_PATHS = NO;
				ASSETCATALOG_COMPILER_GENERATE_SWIFT_ASSET_SYMBOL_EXTENSIONS = YES;
				CLANG_ANALYZER_NONNULL = YES;
				CLANG_ANALYZER_NUMBER_OBJECT_CONVERSION = YES_AGGRESSIVE;
				CLANG_CXX_LANGUAGE_STANDARD = "gnu++20";
				CLANG_ENABLE_MODULES = YES;
				CLANG_ENABLE_OBJC_ARC = YES;
				CLANG_ENABLE_OBJC_WEAK = YES;
				CLANG_WARN_BLOCK_CAPTURE_AUTORELEASING = YES;
				CLANG_WARN_BOOL_CONVERSION = YES;
				CLANG_WARN_COMMA = YES;
				CLANG_WARN_CONSTANT_CONVERSION = YES;
				CLANG_WARN_DEPRECATED_OBJC_IMPLEMENTATIONS = YES;
				CLANG_WARN_DIRECT_OBJC_ISA_USAGE = YES_ERROR;
				CLANG_WARN_DOCUMENTATION_COMMENTS = YES;
				CLANG_WARN_EMPTY_BODY = YES;
				CLANG_WARN_ENUM_CONVERSION = YES;
				CLANG_WARN_INFINITE_RECURSION = YES;
				CLANG_WARN_INT_CONVERSION = YES;
				CLANG_WARN_NON_LITERAL_NULL_CONVERSION = YES;
				CLANG_WARN_OBJC_IMPLICIT_RETAIN_SELF = YES;
				CLANG_WARN_OBJC_LITERAL_CONVERSION = YES;
				CLANG_WARN_OBJC_ROOT_CLASS = YES_ERROR;
				CLANG_WARN_QUOTED_INCLUDE_IN_FRAMEWORK_HEADER = YES;
				CLANG_WARN_RANGE_LOOP_ANALYSIS = YES;
				CLANG_WARN_STRICT_PROTOTYPES = YES;
				CLANG_WARN_SUSPICIOUS_MOVE = YES;
				CLANG_WARN_UNGUARDED_AVAILABILITY = YES_AGGRESSIVE;
				CLANG_WARN_UNREACHABLE_CODE = YES;
				CLANG_WARN__DUPLICATE_METHOD_MATCH = YES;
				COPY_PHASE_STRIP = NO;
				CURRENT_PROJECT_VERSION = 1;
				DEBUG_INFORMATION_FORMAT = "dwarf-with-dsym";
				ENABLE_NS_ASSERTIONS = NO;
				ENABLE_STRICT_OBJC_MSGSEND = YES;
				ENABLE_USER_SCRIPT_SANDBOXING = YES;
				GCC_C_LANGUAGE_STANDARD = gnu17;
				GCC_NO_COMMON_BLOCKS = YES;
				GCC_WARN_64_TO_32_BIT_CONVERSION = YES;
				GCC_WARN_ABOUT_RETURN_TYPE = YES_ERROR;
				GCC_WARN_UNDECLARED_SELECTOR = YES;
				GCC_WARN_UNINITIALIZED_AUTOS = YES_AGGRESSIVE;
				GCC_WARN_UNUSED_FUNCTION = YES;
				GCC_WARN_UNUSED_VARIABLE = YES;
				LOCALIZATION_PREFERS_STRING_CATALOGS = YES;
				MACOSX_DEPLOYMENT_TARGET = 14.0;
				MTL_ENABLE_DEBUG_INFO = NO;
				MTL_FAST_MATH = YES;
				SDKROOT = macosx;
				SWIFT_COMPILATION_MODE = wholemodule;
				VERSIONING_SYSTEM = "apple-generic";
				VERSION_INFO_PREFIX = "";
			};
			name = Release;
		};
		925D360C2B08037000FE12DA /* Debug */ = {
			isa = XCBuildConfiguration;
			buildSettings = {
				CLANG_ENABLE_MODULES = YES;
				CODE_SIGN_STYLE = Automatic;
				COMBINE_HIDPI_IMAGES = YES;
				CURRENT_PROJECT_VERSION = 1;
				DEFINES_MODULE = YES;
				DEVELOPMENT_TEAM = 8C3NFSJWVT;
				DYLIB_COMPATIBILITY_VERSION = 1;
				DYLIB_CURRENT_VERSION = 1;
				DYLIB_INSTALL_NAME_BASE = "@rpath";
				ENABLE_MODULE_VERIFIER = YES;
				GENERATE_INFOPLIST_FILE = YES;
				INFOPLIST_KEY_NSHumanReadableCopyright = "";
				INSTALL_PATH = "$(LOCAL_LIBRARY_DIR)/Frameworks";
				LD_RUNPATH_SEARCH_PATHS = (
					"$(inherited)",
					"@executable_path/../Frameworks",
					"@loader_path/Frameworks",
				);
				MARKETING_VERSION = 1.0;
				MODULE_VERIFIER_SUPPORTED_LANGUAGES = "objective-c objective-c++";
				MODULE_VERIFIER_SUPPORTED_LANGUAGE_STANDARDS = "gnu17 gnu++20";
				PRODUCT_BUNDLE_IDENTIFIER = ivo.NASAGallery;
				PRODUCT_NAME = "$(TARGET_NAME:c99extidentifier)";
				SKIP_INSTALL = YES;
				SWIFT_EMIT_LOC_STRINGS = YES;
				SWIFT_OPTIMIZATION_LEVEL = "-Onone";
				SWIFT_VERSION = 5.0;
			};
			name = Debug;
		};
		925D360D2B08037000FE12DA /* Release */ = {
			isa = XCBuildConfiguration;
			buildSettings = {
				CLANG_ENABLE_MODULES = YES;
				CODE_SIGN_STYLE = Automatic;
				COMBINE_HIDPI_IMAGES = YES;
				CURRENT_PROJECT_VERSION = 1;
				DEFINES_MODULE = YES;
				DEVELOPMENT_TEAM = 8C3NFSJWVT;
				DYLIB_COMPATIBILITY_VERSION = 1;
				DYLIB_CURRENT_VERSION = 1;
				DYLIB_INSTALL_NAME_BASE = "@rpath";
				ENABLE_MODULE_VERIFIER = YES;
				GENERATE_INFOPLIST_FILE = YES;
				INFOPLIST_KEY_NSHumanReadableCopyright = "";
				INSTALL_PATH = "$(LOCAL_LIBRARY_DIR)/Frameworks";
				LD_RUNPATH_SEARCH_PATHS = (
					"$(inherited)",
					"@executable_path/../Frameworks",
					"@loader_path/Frameworks",
				);
				MARKETING_VERSION = 1.0;
				MODULE_VERIFIER_SUPPORTED_LANGUAGES = "objective-c objective-c++";
				MODULE_VERIFIER_SUPPORTED_LANGUAGE_STANDARDS = "gnu17 gnu++20";
				PRODUCT_BUNDLE_IDENTIFIER = ivo.NASAGallery;
				PRODUCT_NAME = "$(TARGET_NAME:c99extidentifier)";
				SKIP_INSTALL = YES;
				SWIFT_EMIT_LOC_STRINGS = YES;
				SWIFT_VERSION = 5.0;
			};
			name = Release;
		};
		925D360F2B08037000FE12DA /* Debug */ = {
			isa = XCBuildConfiguration;
			buildSettings = {
				ALWAYS_EMBED_SWIFT_STANDARD_LIBRARIES = YES;
				CODE_SIGN_STYLE = Automatic;
				CURRENT_PROJECT_VERSION = 1;
				DEVELOPMENT_TEAM = 8C3NFSJWVT;
				GENERATE_INFOPLIST_FILE = YES;
				MARKETING_VERSION = 1.0;
				PRODUCT_BUNDLE_IDENTIFIER = ivo.NASAGalleryTests;
				PRODUCT_NAME = "$(TARGET_NAME)";
				SWIFT_EMIT_LOC_STRINGS = NO;
				SWIFT_VERSION = 5.0;
			};
			name = Debug;
		};
		925D36102B08037000FE12DA /* Release */ = {
			isa = XCBuildConfiguration;
			buildSettings = {
				ALWAYS_EMBED_SWIFT_STANDARD_LIBRARIES = YES;
				CODE_SIGN_STYLE = Automatic;
				CURRENT_PROJECT_VERSION = 1;
				DEVELOPMENT_TEAM = 8C3NFSJWVT;
				GENERATE_INFOPLIST_FILE = YES;
				MARKETING_VERSION = 1.0;
				PRODUCT_BUNDLE_IDENTIFIER = ivo.NASAGalleryTests;
				PRODUCT_NAME = "$(TARGET_NAME)";
				SWIFT_EMIT_LOC_STRINGS = NO;
				SWIFT_VERSION = 5.0;
			};
			name = Release;
		};
/* End XCBuildConfiguration section */

/* Begin XCConfigurationList section */
		925D35F32B08037000FE12DA /* Build configuration list for PBXProject "NASAGallery" */ = {
			isa = XCConfigurationList;
			buildConfigurations = (
				925D36092B08037000FE12DA /* Debug */,
				925D360A2B08037000FE12DA /* Release */,
			);
			defaultConfigurationIsVisible = 0;
			defaultConfigurationName = Release;
		};
		925D360B2B08037000FE12DA /* Build configuration list for PBXNativeTarget "NASAGallery" */ = {
			isa = XCConfigurationList;
			buildConfigurations = (
				925D360C2B08037000FE12DA /* Debug */,
				925D360D2B08037000FE12DA /* Release */,
			);
			defaultConfigurationIsVisible = 0;
			defaultConfigurationName = Release;
		};
		925D360E2B08037000FE12DA /* Build configuration list for PBXNativeTarget "NASAGalleryTests" */ = {
			isa = XCConfigurationList;
			buildConfigurations = (
				925D360F2B08037000FE12DA /* Debug */,
				925D36102B08037000FE12DA /* Release */,
			);
			defaultConfigurationIsVisible = 0;
			defaultConfigurationName = Release;
		};
/* End XCConfigurationList section */
	};
	rootObject = 925D35F02B08037000FE12DA /* Project object */;
}
